schema: '2.0'
stages:
  prepare:
    cmd: python src/prepare.py
    deps:
    - path: src/prepare.py
      hash: md5
      md5: ec6f1ccae893edbc3794c6e6cafc5ed6
      size: 590
    outs:
    - path: data/raw
      hash: md5
      md5: 23b0000338669d2c61217dbd94633aa0.dir
      size: 54950512
      nfiles: 4
  preprocess:
    cmd: python src/preprocess.py
    deps:
    - path: data/raw
      hash: md5
      md5: 23b0000338669d2c61217dbd94633aa0.dir
      size: 54950512
      nfiles: 4
    - path: src/preprocess.py
      hash: md5
      md5: 7a3898ec82f289cc47be4c698b3fac94
      size: 1200
    params:
      params.yaml:
        preprocess.seed: 42
        preprocess.test_size: 0.2
    outs:
    - path: data/processed
      hash: md5
      md5: ca3c7787e7c798c3d0f924d0c6307b2a.dir
      size: 219590768
      nfiles: 6
  train:
    cmd: python src/train.py
    deps:
    - path: data/processed
      hash: md5
      md5: ca3c7787e7c798c3d0f924d0c6307b2a.dir
      size: 219590768
      nfiles: 6
    - path: src/train.py
      hash: md5
      md5: 3848cec7f3928298b8fc1a60657392df
      size: 1154
    params:
      params.yaml:
        train.batch_size: 32
        train.dense_units: 256
        train.dropout_rate: 0.3
        train.epochs: 10
        train.learning_rate: 0.001
    outs:
    - path: models/history.csv
      hash: md5
      md5: 3e2b7bb90c02d97887d61209cdd2ae91
      size: 811
    - path: models/model.h5
      hash: md5
      md5: e4255d5292e35994c140c4659fb268d1
      size: 2466096
  evaluate:
    cmd: python src/evaluate.py
    deps:
    - path: data/processed
      hash: md5
      md5: ca3c7787e7c798c3d0f924d0c6307b2a.dir
      size: 219590768
      nfiles: 6
    - path: models/model.h5
      hash: md5
      md5: e4255d5292e35994c140c4659fb268d1
      size: 2466096
    - path: src/evaluate.py
      hash: md5
      md5: 6c6ea59b2f2ee27ccc08e547101c353d
      size: 728
    outs:
    - path: metrics.json
      hash: md5
      md5: 6260eb6438883b54b60779a53912f325
      size: 80
