schema: '2.0'
stages:
  prepare:
    cmd: python src/prepare.py
    deps:
    - path: src/prepare.py
      hash: md5
      md5: ec6f1ccae893edbc3794c6e6cafc5ed6
      size: 590
    outs:
    - path: data/raw
      hash: md5
      md5: 23b0000338669d2c61217dbd94633aa0.dir
      size: 54950512
      nfiles: 4
  preprocess:
    cmd: python src/preprocess.py
    deps:
    - path: data/raw
      hash: md5
      md5: 23b0000338669d2c61217dbd94633aa0.dir
      size: 54950512
      nfiles: 4
    - path: src/preprocess.py
      hash: md5
      md5: 60e1e8bee9404cdb11ee1c045af26d88
      size: 1011
    params:
      params.yaml:
        preprocess.seed: 42
        preprocess.test_size: 0.2
    outs:
    - path: data/processed
      hash: md5
      md5: c7b255ac42434ad92a9fc4098775c34b.dir
      size: 439110768
      nfiles: 6
  train:
    cmd: python src/train.py
    deps:
    - path: data/processed
      hash: md5
      md5: c7b255ac42434ad92a9fc4098775c34b.dir
      size: 439110768
      nfiles: 6
    - path: src/train.py
      hash: md5
      md5: 3848cec7f3928298b8fc1a60657392df
      size: 1154
    params:
      params.yaml:
        train.batch_size: 32
        train.dense_units: 128
        train.dropout_rate: 0.3
        train.epochs: 10
        train.learning_rate: 0.001
    outs:
    - path: models/history.csv
      hash: md5
      md5: a0196f86f0b0fad86e76d50ea0768a45
      size: 814
    - path: models/model.h5
      hash: md5
      md5: f0cc8ef37e079cc9b0cc1cce39f9f023
      size: 1244464
  evaluate:
    cmd: python src/evaluate.py
    deps:
    - path: data/processed
      hash: md5
      md5: c7b255ac42434ad92a9fc4098775c34b.dir
      size: 439110768
      nfiles: 6
    - path: models/model.h5
      hash: md5
      md5: f0cc8ef37e079cc9b0cc1cce39f9f023
      size: 1244464
    - path: src/evaluate.py
      hash: md5
      md5: 6c6ea59b2f2ee27ccc08e547101c353d
      size: 728
    outs:
    - path: metrics.json
      hash: md5
      md5: 605fc5877f9866097fa93072107a7f0f
      size: 80
